
Microsoft Visual Studio Solution File, Format Version 12.00
# Visual Studio 15
VisualStudioVersion = 15.0.28307.539
MinimumVisualStudioVersion = 10.0.40219.1
Project("{FAE04EC0-301F-11D3-BF4B-00C04F79EFBC}") = "LibraryManagerServer", "LibraryManagerServer\LibraryManagerServer.csproj", "{FE1622BE-8E17-4F17-94F7-5C027273E2DA}"
	ProjectSection(ProjectDependencies) = postProject
		{979B2B5F-ACBD-4FE6-B7C3-38AEB4D45B26} = {979B2B5F-ACBD-4FE6-B7C3-38AEB4D45B26}
		{617E4165-7DB7-49D0-8359-ADC137D97564} = {617E4165-7DB7-49D0-8359-ADC137D97564}
	EndProjectSection
EndProject
Project("{FAE04EC0-301F-11D3-BF4B-00C04F79EFBC}") = "LoggerService", "LoggerService\LoggerService.csproj", "{979B2B5F-ACBD-4FE6-B7C3-38AEB4D45B26}"
	ProjectSection(ProjectDependencies) = postProject
		{617E4165-7DB7-49D0-8359-ADC137D97564} = {617E4165-7DB7-49D0-8359-ADC137D97564}
	EndProjectSection
EndProject
Project("{FAE04EC0-301F-11D3-BF4B-00C04F79EFBC}") = "Books", "Books\Books.csproj", "{617E4165-7DB7-49D0-8359-ADC137D97564}"
EndProject
Global
	GlobalSection(SolutionConfigurationPlatforms) = preSolution
		Debug|Any CPU = Debug|Any CPU
		Release|Any CPU = Release|Any CPU
	EndGlobalSection
	GlobalSection(ProjectConfigurationPlatforms) = postSolution
		{FE1622BE-8E17-4F17-94F7-5C027273E2DA}.Debug|Any CPU.ActiveCfg = Debug|Any CPU
		{FE1622BE-8E17-4F17-94F7-5C027273E2DA}.Debug|Any CPU.Build.0 = Debug|Any CPU
		{FE1622BE-8E17-4F17-94F7-5C027273E2DA}.Release|Any CPU.ActiveCfg = Release|Any CPU
		{FE1622BE-8E17-4F17-94F7-5C027273E2DA}.Release|Any CPU.Build.0 = Release|Any CPU
		{979B2B5F-ACBD-4FE6-B7C3-38AEB4D45B26}.Debug|Any CPU.ActiveCfg = Debug|Any CPU
		{979B2B5F-ACBD-4FE6-B7C3-38AEB4D45B26}.Debug|Any CPU.Build.0 = Debug|Any CPU
		{979B2B5F-ACBD-4FE6-B7C3-38AEB4D45B26}.Release|Any CPU.ActiveCfg = Release|Any CPU
		{979B2B5F-ACBD-4FE6-B7C3-38AEB4D45B26}.Release|Any CPU.Build.0 = Release|Any CPU
		{617E4165-7DB7-49D0-8359-ADC137D97564}.Debug|Any CPU.ActiveCfg = Debug|Any CPU
		{617E4165-7DB7-49D0-8359-ADC137D97564}.Debug|Any CPU.Build.0 = Debug|Any CPU
		{617E4165-7DB7-49D0-8359-ADC137D97564}.Release|Any CPU.ActiveCfg = Release|Any CPU
		{617E4165-7DB7-49D0-8359-ADC137D97564}.Release|Any CPU.Build.0 = Release|Any CPU
	EndGlobalSection
	GlobalSection(SolutionProperties) = preSolution
		HideSolutionNode = FALSE
	EndGlobalSection
	GlobalSection(ExtensibilityGlobals) = postSolution
		SolutionGuid = {83D64A6E-669E-4634-9AD7-C1F39AEC1D0B}
	EndGlobalSection
EndGlobal
